
Microsoft Visual Studio Solution File, Format Version 12.00
# Visual Studio Version 17
VisualStudioVersion = 17.12.35527.113 d17.12
MinimumVisualStudioVersion = 10.0.40219.1
Project("{FAE04EC0-301F-11D3-BF4B-00C04F79EFBC}") = "Web", "Web\Web.csproj", "{E1A7F9E7-398B-48B3-87D0-D35054A6CC4A}"
EndProject
Project("{FAE04EC0-301F-11D3-BF4B-00C04F79EFBC}") = "Tests", "Tests\Tests.csproj", "{4E97D54A-8BDC-46FF-923E-673064283AF1}"
EndProject
Global
	GlobalSection(SolutionConfigurationPlatforms) = preSolution
		Debug|Any CPU = Debug|Any CPU
		Release|Any CPU = Release|Any CPU
	EndGlobalSection
	GlobalSection(ProjectConfigurationPlatforms) = postSolution
		{E1A7F9E7-398B-48B3-87D0-D35054A6CC4A}.Debug|Any CPU.ActiveCfg = Debug|Any CPU
		{E1A7F9E7-398B-48B3-87D0-D35054A6CC4A}.Debug|Any CPU.Build.0 = Debug|Any CPU
		{E1A7F9E7-398B-48B3-87D0-D35054A6CC4A}.Release|Any CPU.ActiveCfg = Release|Any CPU
		{E1A7F9E7-398B-48B3-87D0-D35054A6CC4A}.Release|Any CPU.Build.0 = Release|Any CPU
		{4E97D54A-8BDC-46FF-923E-673064283AF1}.Debug|Any CPU.ActiveCfg = Debug|Any CPU
		{4E97D54A-8BDC-46FF-923E-673064283AF1}.Debug|Any CPU.Build.0 = Debug|Any CPU
		{4E97D54A-8BDC-46FF-923E-673064283AF1}.Release|Any CPU.ActiveCfg = Release|Any CPU
		{4E97D54A-8BDC-46FF-923E-673064283AF1}.Release|Any CPU.Build.0 = Release|Any CPU
	EndGlobalSection
	GlobalSection(SolutionProperties) = preSolution
		HideSolutionNode = FALSE
	EndGlobalSection
EndGlobal
